
Microsoft Visual Studio Solution File, Format Version 11.00
# Visual Studio 2010
Project("{FAE04EC0-301F-11D3-BF4B-00C04F79EFBC}") = "Konto", "Konto\Konto.csproj", "{A54C165A-98A0-4ED0-BF3A-8C55996FD5EA}"
EndProject
Global
	GlobalSection(SolutionConfigurationPlatforms) = preSolution
		Debug|x86 = Debug|x86
		Release|x86 = Release|x86
	EndGlobalSection
	GlobalSection(ProjectConfigurationPlatforms) = postSolution
		{A54C165A-98A0-4ED0-BF3A-8C55996FD5EA}.Debug|x86.ActiveCfg = Debug|x86
		{A54C165A-98A0-4ED0-BF3A-8C55996FD5EA}.Debug|x86.Build.0 = Debug|x86
		{A54C165A-98A0-4ED0-BF3A-8C55996FD5EA}.Release|x86.ActiveCfg = Release|x86
		{A54C165A-98A0-4ED0-BF3A-8C55996FD5EA}.Release|x86.Build.0 = Release|x86
	EndGlobalSection
	GlobalSection(SolutionProperties) = preSolution
		HideSolutionNode = FALSE
	EndGlobalSection
EndGlobal
