
Microsoft Visual Studio Solution File, Format Version 12.00
# Visual Studio 2013
VisualStudioVersion = 12.0.21005.1
MinimumVisualStudioVersion = 10.0.40219.1
Project("{FAE04EC0-301F-11D3-BF4B-00C04F79EFBC}") = "MessageQueueExample", "MessageQueueExample\MessageQueueExample.csproj", "{3BFA35CC-4FC7-46DC-8B6B-819959C9486A}"
EndProject
Project("{FAE04EC0-301F-11D3-BF4B-00C04F79EFBC}") = "MessageReceiver", "MessageReciever\MessageReceiver.csproj", "{82DAB716-A485-46E6-8201-BBB26E46BC26}"
EndProject
Project("{FAE04EC0-301F-11D3-BF4B-00C04F79EFBC}") = "MessageEndClient", "MessageEndClient\MessageEndClient.csproj", "{F7176671-D6F3-4D4A-94B5-471ED3DC8C2E}"
EndProject
Global
	GlobalSection(SolutionConfigurationPlatforms) = preSolution
		Debug|Any CPU = Debug|Any CPU
		Release|Any CPU = Release|Any CPU
	EndGlobalSection
	GlobalSection(ProjectConfigurationPlatforms) = postSolution
		{3BFA35CC-4FC7-46DC-8B6B-819959C9486A}.Debug|Any CPU.ActiveCfg = Debug|Any CPU
		{3BFA35CC-4FC7-46DC-8B6B-819959C9486A}.Debug|Any CPU.Build.0 = Debug|Any CPU
		{3BFA35CC-4FC7-46DC-8B6B-819959C9486A}.Release|Any CPU.ActiveCfg = Release|Any CPU
		{3BFA35CC-4FC7-46DC-8B6B-819959C9486A}.Release|Any CPU.Build.0 = Release|Any CPU
		{82DAB716-A485-46E6-8201-BBB26E46BC26}.Debug|Any CPU.ActiveCfg = Debug|Any CPU
		{82DAB716-A485-46E6-8201-BBB26E46BC26}.Debug|Any CPU.Build.0 = Debug|Any CPU
		{82DAB716-A485-46E6-8201-BBB26E46BC26}.Release|Any CPU.ActiveCfg = Release|Any CPU
		{82DAB716-A485-46E6-8201-BBB26E46BC26}.Release|Any CPU.Build.0 = Release|Any CPU
		{F7176671-D6F3-4D4A-94B5-471ED3DC8C2E}.Debug|Any CPU.ActiveCfg = Debug|Any CPU
		{F7176671-D6F3-4D4A-94B5-471ED3DC8C2E}.Debug|Any CPU.Build.0 = Debug|Any CPU
		{F7176671-D6F3-4D4A-94B5-471ED3DC8C2E}.Release|Any CPU.ActiveCfg = Release|Any CPU
		{F7176671-D6F3-4D4A-94B5-471ED3DC8C2E}.Release|Any CPU.Build.0 = Release|Any CPU
	EndGlobalSection
	GlobalSection(SolutionProperties) = preSolution
		HideSolutionNode = FALSE
	EndGlobalSection
EndGlobal
