
Microsoft Visual Studio Solution File, Format Version 11.00
# Visual Studio 2010
Project("{FAE04EC0-301F-11D3-BF4B-00C04F79EFBC}") = "ElevOpgave", "ElevOpgave\ElevOpgave.csproj", "{830BB804-81A5-4DE7-BB5C-93F7539164DF}"
EndProject
Global
	GlobalSection(SolutionConfigurationPlatforms) = preSolution
		Debug|x86 = Debug|x86
		Release|x86 = Release|x86
	EndGlobalSection
	GlobalSection(ProjectConfigurationPlatforms) = postSolution
		{830BB804-81A5-4DE7-BB5C-93F7539164DF}.Debug|x86.ActiveCfg = Debug|x86
		{830BB804-81A5-4DE7-BB5C-93F7539164DF}.Debug|x86.Build.0 = Debug|x86
		{830BB804-81A5-4DE7-BB5C-93F7539164DF}.Release|x86.ActiveCfg = Release|x86
		{830BB804-81A5-4DE7-BB5C-93F7539164DF}.Release|x86.Build.0 = Release|x86
	EndGlobalSection
	GlobalSection(SolutionProperties) = preSolution
		HideSolutionNode = FALSE
	EndGlobalSection
EndGlobal
