
Microsoft Visual Studio Solution File, Format Version 11.00
# Visual Studio 2010
Project("{FAE04EC0-301F-11D3-BF4B-00C04F79EFBC}") = "Bog", "Bog\Bog.csproj", "{E9634BE2-707D-4375-84F3-C81B46EB04F4}"
EndProject
Global
	GlobalSection(SolutionConfigurationPlatforms) = preSolution
		Debug|x86 = Debug|x86
		Release|x86 = Release|x86
	EndGlobalSection
	GlobalSection(ProjectConfigurationPlatforms) = postSolution
		{E9634BE2-707D-4375-84F3-C81B46EB04F4}.Debug|x86.ActiveCfg = Debug|x86
		{E9634BE2-707D-4375-84F3-C81B46EB04F4}.Debug|x86.Build.0 = Debug|x86
		{E9634BE2-707D-4375-84F3-C81B46EB04F4}.Release|x86.ActiveCfg = Release|x86
		{E9634BE2-707D-4375-84F3-C81B46EB04F4}.Release|x86.Build.0 = Release|x86
	EndGlobalSection
	GlobalSection(SolutionProperties) = preSolution
		HideSolutionNode = FALSE
	EndGlobalSection
EndGlobal
