
Microsoft Visual Studio Solution File, Format Version 11.00
# Visual Studio 2010
Project("{FAE04EC0-301F-11D3-BF4B-00C04F79EFBC}") = "GraderGui", "GraderGui\GraderGui.csproj", "{95B219B9-B9D4-4111-A8A6-CAA084A866BE}"
EndProject
Global
	GlobalSection(SolutionConfigurationPlatforms) = preSolution
		Debug|x86 = Debug|x86
		Release|x86 = Release|x86
	EndGlobalSection
	GlobalSection(ProjectConfigurationPlatforms) = postSolution
		{95B219B9-B9D4-4111-A8A6-CAA084A866BE}.Debug|x86.ActiveCfg = Debug|x86
		{95B219B9-B9D4-4111-A8A6-CAA084A866BE}.Debug|x86.Build.0 = Debug|x86
		{95B219B9-B9D4-4111-A8A6-CAA084A866BE}.Release|x86.ActiveCfg = Release|x86
		{95B219B9-B9D4-4111-A8A6-CAA084A866BE}.Release|x86.Build.0 = Release|x86
	EndGlobalSection
	GlobalSection(SolutionProperties) = preSolution
		HideSolutionNode = FALSE
	EndGlobalSection
EndGlobal
